
Microsoft Visual Studio Solution File, Format Version 12.00
# Visual Studio Version 16
VisualStudioVersion = 16.0.29519.87
MinimumVisualStudioVersion = 10.0.40219.1
Project("{FAE04EC0-301F-11D3-BF4B-00C04F79EFBC}") = "Exercise07", "Exercise07\Exercise07.csproj", "{3E87E36E-00B2-41B1-8AA2-429C57C7689D}"
EndProject
Global
	GlobalSection(SolutionConfigurationPlatforms) = preSolution
		Debug|Any CPU = Debug|Any CPU
		Release|Any CPU = Release|Any CPU
	EndGlobalSection
	GlobalSection(ProjectConfigurationPlatforms) = postSolution
		{3E87E36E-00B2-41B1-8AA2-429C57C7689D}.Debug|Any CPU.ActiveCfg = Debug|Any CPU
		{3E87E36E-00B2-41B1-8AA2-429C57C7689D}.Debug|Any CPU.Build.0 = Debug|Any CPU
		{3E87E36E-00B2-41B1-8AA2-429C57C7689D}.Release|Any CPU.ActiveCfg = Release|Any CPU
		{3E87E36E-00B2-41B1-8AA2-429C57C7689D}.Release|Any CPU.Build.0 = Release|Any CPU
	EndGlobalSection
	GlobalSection(SolutionProperties) = preSolution
		HideSolutionNode = FALSE
	EndGlobalSection
	GlobalSection(ExtensibilityGlobals) = postSolution
		SolutionGuid = {A872E551-A422-4D12-90AF-5609A6E9AB9E}
	EndGlobalSection
EndGlobal
