
Microsoft Visual Studio Solution File, Format Version 12.00
# Visual Studio Version 16
VisualStudioVersion = 16.0.29519.87
MinimumVisualStudioVersion = 10.0.40219.1
Project("{FAE04EC0-301F-11D3-BF4B-00C04F79EFBC}") = "Exercise03", "Exercise03\Exercise03.csproj", "{6DFEE5F5-1378-4245-926D-A119A1BC349C}"
EndProject
Global
	GlobalSection(SolutionConfigurationPlatforms) = preSolution
		Debug|Any CPU = Debug|Any CPU
		Release|Any CPU = Release|Any CPU
	EndGlobalSection
	GlobalSection(ProjectConfigurationPlatforms) = postSolution
		{6DFEE5F5-1378-4245-926D-A119A1BC349C}.Debug|Any CPU.ActiveCfg = Debug|Any CPU
		{6DFEE5F5-1378-4245-926D-A119A1BC349C}.Debug|Any CPU.Build.0 = Debug|Any CPU
		{6DFEE5F5-1378-4245-926D-A119A1BC349C}.Release|Any CPU.ActiveCfg = Release|Any CPU
		{6DFEE5F5-1378-4245-926D-A119A1BC349C}.Release|Any CPU.Build.0 = Release|Any CPU
	EndGlobalSection
	GlobalSection(SolutionProperties) = preSolution
		HideSolutionNode = FALSE
	EndGlobalSection
	GlobalSection(ExtensibilityGlobals) = postSolution
		SolutionGuid = {B027EEDB-E60A-4C13-ABE6-91FE5996AD12}
	EndGlobalSection
EndGlobal
