
Microsoft Visual Studio Solution File, Format Version 12.00
# Visual Studio Version 16
VisualStudioVersion = 16.0.29519.87
MinimumVisualStudioVersion = 10.0.40219.1
Project("{FAE04EC0-301F-11D3-BF4B-00C04F79EFBC}") = "Exercise01", "Exercise01\Exercise01.csproj", "{A976AB9F-3FAF-4009-AD4E-48F6B315F5C9}"
EndProject
Global
	GlobalSection(SolutionConfigurationPlatforms) = preSolution
		Debug|Any CPU = Debug|Any CPU
		Release|Any CPU = Release|Any CPU
	EndGlobalSection
	GlobalSection(ProjectConfigurationPlatforms) = postSolution
		{A976AB9F-3FAF-4009-AD4E-48F6B315F5C9}.Debug|Any CPU.ActiveCfg = Debug|Any CPU
		{A976AB9F-3FAF-4009-AD4E-48F6B315F5C9}.Debug|Any CPU.Build.0 = Debug|Any CPU
		{A976AB9F-3FAF-4009-AD4E-48F6B315F5C9}.Release|Any CPU.ActiveCfg = Release|Any CPU
		{A976AB9F-3FAF-4009-AD4E-48F6B315F5C9}.Release|Any CPU.Build.0 = Release|Any CPU
	EndGlobalSection
	GlobalSection(SolutionProperties) = preSolution
		HideSolutionNode = FALSE
	EndGlobalSection
	GlobalSection(ExtensibilityGlobals) = postSolution
		SolutionGuid = {B10B980B-FEEF-49F8-8D12-17D839670959}
	EndGlobalSection
EndGlobal
