
Microsoft Visual Studio Solution File, Format Version 12.00
# Visual Studio Version 16
VisualStudioVersion = 16.0.29519.87
MinimumVisualStudioVersion = 10.0.40219.1
Project("{FAE04EC0-301F-11D3-BF4B-00C04F79EFBC}") = "Execise11", "Execise11\Execise11.csproj", "{BD8A59EA-2438-4B48-B4CD-934B1B22FB9E}"
EndProject
Global
	GlobalSection(SolutionConfigurationPlatforms) = preSolution
		Debug|Any CPU = Debug|Any CPU
		Release|Any CPU = Release|Any CPU
	EndGlobalSection
	GlobalSection(ProjectConfigurationPlatforms) = postSolution
		{BD8A59EA-2438-4B48-B4CD-934B1B22FB9E}.Debug|Any CPU.ActiveCfg = Debug|Any CPU
		{BD8A59EA-2438-4B48-B4CD-934B1B22FB9E}.Debug|Any CPU.Build.0 = Debug|Any CPU
		{BD8A59EA-2438-4B48-B4CD-934B1B22FB9E}.Release|Any CPU.ActiveCfg = Release|Any CPU
		{BD8A59EA-2438-4B48-B4CD-934B1B22FB9E}.Release|Any CPU.Build.0 = Release|Any CPU
	EndGlobalSection
	GlobalSection(SolutionProperties) = preSolution
		HideSolutionNode = FALSE
	EndGlobalSection
	GlobalSection(ExtensibilityGlobals) = postSolution
		SolutionGuid = {FE81E7E2-DC75-4ABA-BC77-2422EC123E86}
	EndGlobalSection
EndGlobal
