
Microsoft Visual Studio Solution File, Format Version 12.00
# Visual Studio Version 16
VisualStudioVersion = 16.0.29519.87
MinimumVisualStudioVersion = 10.0.40219.1
Project("{FAE04EC0-301F-11D3-BF4B-00C04F79EFBC}") = "Exercise10", "Exercise10\Exercise10.csproj", "{B48EC4B5-6DF6-4C2F-87D3-AA0BF0662EF7}"
EndProject
Global
	GlobalSection(SolutionConfigurationPlatforms) = preSolution
		Debug|Any CPU = Debug|Any CPU
		Release|Any CPU = Release|Any CPU
	EndGlobalSection
	GlobalSection(ProjectConfigurationPlatforms) = postSolution
		{B48EC4B5-6DF6-4C2F-87D3-AA0BF0662EF7}.Debug|Any CPU.ActiveCfg = Debug|Any CPU
		{B48EC4B5-6DF6-4C2F-87D3-AA0BF0662EF7}.Debug|Any CPU.Build.0 = Debug|Any CPU
		{B48EC4B5-6DF6-4C2F-87D3-AA0BF0662EF7}.Release|Any CPU.ActiveCfg = Release|Any CPU
		{B48EC4B5-6DF6-4C2F-87D3-AA0BF0662EF7}.Release|Any CPU.Build.0 = Release|Any CPU
	EndGlobalSection
	GlobalSection(SolutionProperties) = preSolution
		HideSolutionNode = FALSE
	EndGlobalSection
	GlobalSection(ExtensibilityGlobals) = postSolution
		SolutionGuid = {A37C2291-A4B3-48E8-9243-9CD05F282BF4}
	EndGlobalSection
EndGlobal
