
Microsoft Visual Studio Solution File, Format Version 12.00
# Visual Studio Version 16
VisualStudioVersion = 16.0.29519.87
MinimumVisualStudioVersion = 10.0.40219.1
Project("{FAE04EC0-301F-11D3-BF4B-00C04F79EFBC}") = "Exercise05", "Exercise05\Exercise05.csproj", "{73266212-8936-48BD-8A78-E9CDF810D142}"
EndProject
Global
	GlobalSection(SolutionConfigurationPlatforms) = preSolution
		Debug|Any CPU = Debug|Any CPU
		Release|Any CPU = Release|Any CPU
	EndGlobalSection
	GlobalSection(ProjectConfigurationPlatforms) = postSolution
		{73266212-8936-48BD-8A78-E9CDF810D142}.Debug|Any CPU.ActiveCfg = Debug|Any CPU
		{73266212-8936-48BD-8A78-E9CDF810D142}.Debug|Any CPU.Build.0 = Debug|Any CPU
		{73266212-8936-48BD-8A78-E9CDF810D142}.Release|Any CPU.ActiveCfg = Release|Any CPU
		{73266212-8936-48BD-8A78-E9CDF810D142}.Release|Any CPU.Build.0 = Release|Any CPU
	EndGlobalSection
	GlobalSection(SolutionProperties) = preSolution
		HideSolutionNode = FALSE
	EndGlobalSection
	GlobalSection(ExtensibilityGlobals) = postSolution
		SolutionGuid = {7E452F18-1AD3-4275-A8BD-B9EF67FB4399}
	EndGlobalSection
EndGlobal
